// !$*UTF8*$!
{
	archiveVersion = 1;
	classes = {
	};
	objectVersion = 46;
	objects = {

/* Begin PBXBuildFile section */
		3BAA41771CCC74550018B366 /* AppDelegate.swift in Sources */ = {isa = PBXBuildFile; fileRef = 3BAA41761CCC74550018B366 /* AppDelegate.swift */; };
		3BAA417C1CCC74550018B366 /* Main.storyboard in Resources */ = {isa = PBXBuildFile; fileRef = 3BAA417A1CCC74550018B366 /* Main.storyboard */; };
		3BAA417E1CCC74550018B366 /* Assets.xcassets in Resources */ = {isa = PBXBuildFile; fileRef = 3BAA417D1CCC74550018B366 /* Assets.xcassets */; };
		3BAA41811CCC74550018B366 /* LaunchScreen.storyboard in Resources */ = {isa = PBXBuildFile; fileRef = 3BAA417F1CCC74550018B366 /* LaunchScreen.storyboard */; };
		3BAA41891CCC7CA50018B366 /* TestViewController.swift in Sources */ = {isa = PBXBuildFile; fileRef = 3BAA41881CCC7CA50018B366 /* TestViewController.swift */; };
		3BAA418C1CCC7D0F0018B366 /* ViewController.swift in Sources */ = {isa = PBXBuildFile; fileRef = 3BAA418B1CCC7D0F0018B366 /* ViewController.swift */; };
/* End PBXBuildFile section */

/* Begin PBXFileReference section */
		3BAA41731CCC74550018B366 /* Geotagging.app */ = {isa = PBXFileReference; explicitFileType = wrapper.application; includeInIndex = 0; path = Geotagging.app; sourceTree = BUILT_PRODUCTS_DIR; };
		3BAA41761CCC74550018B366 /* AppDelegate.swift */ = {isa = PBXFileReference; lastKnownFileType = sourcecode.swift; path = AppDelegate.swift; sourceTree = "<group>"; };
		3BAA417B1CCC74550018B366 /* Base */ = {isa = PBXFileReference; lastKnownFileType = file.storyboard; name = Base; path = Base.lproj/Main.storyboard; sourceTree = "<group>"; };
		3BAA417D1CCC74550018B366 /* Assets.xcassets */ = {isa = PBXFileReference; lastKnownFileType = folder.assetcatalog; path = Assets.xcassets; sourceTree = "<group>"; };
		3BAA41801CCC74550018B366 /* Base */ = {isa = PBXFileReference; lastKnownFileType = file.storyboard; name = Base; path = Base.lproj/LaunchScreen.storyboard; sourceTree = "<group>"; };
		3BAA41821CCC74550018B366 /* Info.plist */ = {isa = PBXFileReference; lastKnownFileType = text.plist.xml; path = Info.plist; sourceTree = "<group>"; };
		3BAA41881CCC7CA50018B366 /* TestViewController.swift */ = {isa = PBXFileReference; fileEncoding = 4; lastKnownFileType = sourcecode.swift; name = TestViewController.swift; path = ViewControllers/TestViewController.swift; sourceTree = "<group>"; };
		3BAA418B1CCC7D0F0018B366 /* ViewController.swift */ = {isa = PBXFileReference; fileEncoding = 4; lastKnownFileType = sourcecode.swift; name = ViewController.swift; path = ViewControllers/ViewController.swift; sourceTree = "<group>"; };
/* End PBXFileReference section */

/* Begin PBXFrameworksBuildPhase section */
		3BAA41701CCC74550018B366 /* Frameworks */ = {
			isa = PBXFrameworksBuildPhase;
			buildActionMask = 2147483647;
			files = (
			);
			runOnlyForDeploymentPostprocessing = 0;
		};
/* End PBXFrameworksBuildPhase section */

/* Begin PBXGroup section */
		3BAA416A1CCC74550018B366 = {
			isa = PBXGroup;
			children = (
				3BAA41751CCC74550018B366 /* Geotagging */,
				3BAA41741CCC74550018B366 /* Products */,
			);
			sourceTree = "<group>";
		};
		3BAA41741CCC74550018B366 /* Products */ = {
			isa = PBXGroup;
			children = (
				3BAA41731CCC74550018B366 /* Geotagging.app */,
			);
			name = Products;
			sourceTree = "<group>";
		};
		3BAA41751CCC74550018B366 /* Geotagging */ = {
			isa = PBXGroup;
			children = (
				3BAA41761CCC74550018B366 /* AppDelegate.swift */,
				3BAA417A1CCC74550018B366 /* Main.storyboard */,
				3BAA417D1CCC74550018B366 /* Assets.xcassets */,
				3BAA417F1CCC74550018B366 /* LaunchScreen.storyboard */,
				3BAA41821CCC74550018B366 /* Info.plist */,
				3BAA418A1CCC7CD40018B366 /* View Controllers */,
			);
			path = Geotagging;
			sourceTree = "<group>";
		};
		3BAA418A1CCC7CD40018B366 /* View Controllers */ = {
			isa = PBXGroup;
			children = (
				3BAA418B1CCC7D0F0018B366 /* ViewController.swift */,
				3BAA41881CCC7CA50018B366 /* TestViewController.swift */,
			);
			name = "View Controllers";
			sourceTree = "<group>";
		};
/* End PBXGroup section */

/* Begin PBXNativeTarget section */
		3BAA41721CCC74550018B366 /* Geotagging */ = {
			isa = PBXNativeTarget;
			buildConfigurationList = 3BAA41851CCC74550018B366 /* Build configuration list for PBXNativeTarget "Geotagging" */;
			buildPhases = (
				3BAA416F1CCC74550018B366 /* Sources */,
				3BAA41701CCC74550018B366 /* Frameworks */,
				3BAA41711CCC74550018B366 /* Resources */,
			);
			buildRules = (
			);
			dependencies = (
			);
			name = Geotagging;
			productName = Geotagging;
			productReference = 3BAA41731CCC74550018B366 /* Geotagging.app */;
			productType = "com.apple.product-type.application";
		};
/* End PBXNativeTarget section */

/* Begin PBXProject section */
		3BAA416B1CCC74550018B366 /* Project object */ = {
			isa = PBXProject;
			attributes = {
				LastSwiftUpdateCheck = 0730;
				LastUpgradeCheck = 0730;
				ORGANIZATIONNAME = baemax;
				TargetAttributes = {
					3BAA41721CCC74550018B366 = {
						CreatedOnToolsVersion = 7.3;
					};
				};
			};
			buildConfigurationList = 3BAA416E1CCC74550018B366 /* Build configuration list for PBXProject "Geotagging" */;
			compatibilityVersion = "Xcode 3.2";
			developmentRegion = English;
			hasScannedForEncodings = 0;
			knownRegions = (
				en,
				Base,
			);
			mainGroup = 3BAA416A1CCC74550018B366;
			productRefGroup = 3BAA41741CCC74550018B366 /* Products */;
			projectDirPath = "";
			projectRoot = "";
			targets = (
				3BAA41721CCC74550018B366 /* Geotagging */,
			);
		};
/* End PBXProject section */

/* Begin PBXResourcesBuildPhase section */
		3BAA41711CCC74550018B366 /* Resources */ = {
			isa = PBXResourcesBuildPhase;
			buildActionMask = 2147483647;
			files = (
				3BAA41811CCC74550018B366 /* LaunchScreen.storyboard in Resources */,
				3BAA417E1CCC74550018B366 /* Assets.xcassets in Resources */,
				3BAA417C1CCC74550018B366 /* Main.storyboard in Resources */,
			);
			runOnlyForDeploymentPostprocessing = 0;
		};
/* End PBXResourcesBuildPhase section */

/* Begin PBXSourcesBuildPhase section */
		3BAA416F1CCC74550018B366 /* Sources */ = {
			isa = PBXSourcesBuildPhase;
			buildActionMask = 2147483647;
			files = (
				3BAA418C1CCC7D0F0018B366 /* ViewController.swift in Sources */,
				3BAA41891CCC7CA50018B366 /* TestViewController.swift in Sources */,
				3BAA41771CCC74550018B366 /* AppDelegate.swift in Sources */,
			);
			runOnlyForDeploymentPostprocessing = 0;
		};
/* End PBXSourcesBuildPhase section */

/* Begin PBXVariantGroup section */
		3BAA417A1CCC74550018B366 /* Main.storyboard */ = {
			isa = PBXVariantGroup;
			children = (
				3BAA417B1CCC74550018B366 /* Base */,
			);
			name = Main.storyboard;
			sourceTree = "<group>";
		};
		3BAA417F1CCC74550018B366 /* LaunchScreen.storyboard */ = {
			isa = PBXVariantGroup;
			children = (
				3BAA41801CCC74550018B366 /* Base */,
			);
			name = LaunchScreen.storyboard;
			sourceTree = "<group>";
		};
/* End PBXVariantGroup section */

/* Begin XCBuildConfiguration section */
		3BAA41831CCC74550018B366 /* Debug */ = {
			isa = XCBuildConfiguration;
			buildSettings = {
				ALWAYS_SEARCH_USER_PATHS = NO;
				CLANG_ANALYZER_NONNULL = YES;
				CLANG_CXX_LANGUAGE_STANDARD = "gnu++0x";
				CLANG_CXX_LIBRARY = "libc++";
				CLANG_ENABLE_MODULES = YES;
				CLANG_ENABLE_OBJC_ARC = YES;
				CLANG_WARN_BOOL_CONVERSION = YES;
				CLANG_WARN_CONSTANT_CONVERSION = YES;
				CLANG_WARN_DIRECT_OBJC_ISA_USAGE = YES_ERROR;
				CLANG_WARN_EMPTY_BODY = YES;
				CLANG_WARN_ENUM_CONVERSION = YES;
				CLANG_WARN_INT_CONVERSION = YES;
				CLANG_WARN_OBJC_ROOT_CLASS = YES_ERROR;
				CLANG_WARN_UNREACHABLE_CODE = YES;
				CLANG_WARN__DUPLICATE_METHOD_MATCH = YES;
				"CODE_SIGN_IDENTITY[sdk=iphoneos*]" = "iPhone Developer";
				COPY_PHASE_STRIP = NO;
				DEBUG_INFORMATION_FORMAT = dwarf;
				ENABLE_STRICT_OBJC_MSGSEND = YES;
				ENABLE_TESTABILITY = YES;
				GCC_C_LANGUAGE_STANDARD = gnu99;
				GCC_DYNAMIC_NO_PIC = NO;
				GCC_NO_COMMON_BLOCKS = YES;
				GCC_OPTIMIZATION_LEVEL = 0;
				GCC_PREPROCESSOR_DEFINITIONS = (
					"DEBUG=1",
					"$(inherited)",
				);
				GCC_WARN_64_TO_32_BIT_CONVERSION = YES;
				GCC_WARN_ABOUT_RETURN_TYPE = YES_ERROR;
				GCC_WARN_UNDECLARED_SELECTOR = YES;
				GCC_WARN_UNINITIALIZED_AUTOS = YES_AGGRESSIVE;
				GCC_WARN_UNUSED_FUNCTION = YES;
				GCC_WARN_UNUSED_VARIABLE = YES;
				IPHONEOS_DEPLOYMENT_TARGET = 9.3;
				MTL_ENABLE_DEBUG_INFO = YES;
				ONLY_ACTIVE_ARCH = YES;
				SDKROOT = iphoneos;
				SWIFT_INCLUDE_PATHS = "\"$(SRCROOT)/Geotagging/Modules\"";
				SWIFT_OPTIMIZATION_LEVEL = "-Onone";
				TARGETED_DEVICE_FAMILY = "1,2";
			};
			name = Debug;
		};
		3BAA41841CCC74550018B366 /* Release */ = {
			isa = XCBuildConfiguration;
			buildSettings = {
				ALWAYS_SEARCH_USER_PATHS = NO;
				CLANG_ANALYZER_NONNULL = YES;
				CLANG_CXX_LANGUAGE_STANDARD = "gnu++0x";
				CLANG_CXX_LIBRARY = "libc++";
				CLANG_ENABLE_MODULES = YES;
				CLANG_ENABLE_OBJC_ARC = YES;
				CLANG_WARN_BOOL_CONVERSION = YES;
				CLANG_WARN_CONSTANT_CONVERSION = YES;
				CLANG_WARN_DIRECT_OBJC_ISA_USAGE = YES_ERROR;
				CLANG_WARN_EMPTY_BODY = YES;
				CLANG_WARN_ENUM_CONVERSION = YES;
				CLANG_WARN_INT_CONVERSION = YES;
				CLANG_WARN_OBJC_ROOT_CLASS = YES_ERROR;
				CLANG_WARN_UNREACHABLE_CODE = YES;
				CLANG_WARN__DUPLICATE_METHOD_MATCH = YES;
				"CODE_SIGN_IDENTITY[sdk=iphoneos*]" = "iPhone Developer";
				COPY_PHASE_STRIP = NO;
				DEBUG_INFORMATION_FORMAT = "dwarf-with-dsym";
				ENABLE_NS_ASSERTIONS = NO;
				ENABLE_STRICT_OBJC_MSGSEND = YES;
				GCC_C_LANGUAGE_STANDARD = gnu99;
				GCC_NO_COMMON_BLOCKS = YES;
				GCC_WARN_64_TO_32_BIT_CONVERSION = YES;
				GCC_WARN_ABOUT_RETURN_TYPE = YES_ERROR;
				GCC_WARN_UNDECLARED_SELECTOR = YES;
				GCC_WARN_UNINITIALIZED_AUTOS = YES_AGGRESSIVE;
				GCC_WARN_UNUSED_FUNCTION = YES;
				GCC_WARN_UNUSED_VARIABLE = YES;
				IPHONEOS_DEPLOYMENT_TARGET = 9.3;
				MTL_ENABLE_DEBUG_INFO = NO;
				SDKROOT = iphoneos;
				SWIFT_INCLUDE_PATHS = "\"$(SRCROOT)/Geotagging/Modules\"";
				TARGETED_DEVICE_FAMILY = "1,2";
				VALIDATE_PRODUCT = YES;
			};
			name = Release;
		};
		3BAA41861CCC74550018B366 /* Debug */ = {
			isa = XCBuildConfiguration;
			buildSettings = {
				ASSETCATALOG_COMPILER_APPICON_NAME = AppIcon;
				HEADER_SEARCH_PATHS = "$(SDKROOT)/usr/include/libxml2";
				INFOPLIST_FILE = Geotagging/Info.plist;
				LD_RUNPATH_SEARCH_PATHS = "$(inherited) @executable_path/Frameworks";
				PRODUCT_BUNDLE_IDENTIFIER = com.huyanh.Geotagging;
				PRODUCT_NAME = "$(TARGET_NAME)";
			};
			name = Debug;
		};
		3BAA41871CCC74550018B366 /* Release */ = {
			isa = XCBuildConfiguration;
			buildSettings = {
				ASSETCATALOG_COMPILER_APPICON_NAME = AppIcon;
				HEADER_SEARCH_PATHS = "$(SDKROOT)/usr/include/libxml2";
				INFOPLIST_FILE = Geotagging/Info.plist;
				LD_RUNPATH_SEARCH_PATHS = "$(inherited) @executable_path/Frameworks";
				PRODUCT_BUNDLE_IDENTIFIER = com.huyanh.Geotagging;
				PRODUCT_NAME = "$(TARGET_NAME)";
			};
			name = Release;
		};
/* End XCBuildConfiguration section */

/* Begin XCConfigurationList section */
		3BAA416E1CCC74550018B366 /* Build configuration list for PBXProject "Geotagging" */ = {
			isa = XCConfigurationList;
			buildConfigurations = (
				3BAA41831CCC74550018B366 /* Debug */,
				3BAA41841CCC74550018B366 /* Release */,
			);
			defaultConfigurationIsVisible = 0;
			defaultConfigurationName = Release;
		};
		3BAA41851CCC74550018B366 /* Build configuration list for PBXNativeTarget "Geotagging" */ = {
			isa = XCConfigurationList;
			buildConfigurations = (
				3BAA41861CCC74550018B366 /* Debug */,
				3BAA41871CCC74550018B366 /* Release */,
			);
			defaultConfigurationIsVisible = 0;
			defaultConfigurationName = Release;
		};
/* End XCConfigurationList section */
	};
	rootObject = 3BAA416B1CCC74550018B366 /* Project object */;
}
